<?xml version="1.0" encoding="utf-8"?>
<Project ToolsVersion="4.0" xmlns="http://schemas.microsoft.com/developer/msbuild/2003">
  <ItemGroup>
    <ClCompile Include="include\ChatCommands\ComplexCommands\OneArgumentCommands\SetNickname.h" />
    <ClCompile Include="include\Handlers\Player\BlockedPlayers\BlockedPlayersListHandler.h" />
    <ClCompile Include="include\Handlers\Player\characterSelectionHandler.h" />
    <ClCompile Include="include\Handlers\Player\Friends\FriendsGeneralHandler.h" />
    <ClCompile Include="include\Handlers\Item\ItemUpgradeHandler.h" />
    <ClCompile Include="include\Network\MainSession.h" />
    <ClCompile Include="include\Structures\PlayerLists\SingleLobbyList.h" />
    <ClCompile Include="include\Structures\Room\RoomJoinLatestInfo.h" />
    <ClCompile Include="src\Classes\Player.cpp" />
    <ClCompile Include="src\MainServer.cpp" />
    <ClCompile Include="src\MainServerMain.cpp" />
    <ClCompile Include="src\Structures\Item\MainEquippedItem.cpp" />
    <ClCompile Include="src\ChatCommands\ComplexCommands\OneArgumentCommands\Kick.cpp" />
    <ClCompile Include="src\ChatCommands\ComplexCommands\OneArgumentCommands\SetLevel.cpp" />
    <ClCompile Include="src\ChatCommands\ComplexCommands\OneArgumentCommands\SetNickname.cpp" />
    <ClCompile Include="src\ChatCommands\ComplexCommands\OneArgumentCommands\SpawnItem.cpp" />
    <ClCompile Include="src\ChatCommands\SimpleCommands\OnlineCommand.cpp" />
    <ClCompile Include="src\ChatCommands\SimpleCommands\SetCurrency.cpp" />
    <ClCompile Include="src\ChatCommands\SimpleRoomCommands\BreakroomCommand.cpp" />
    <ClCompile Include="src\ChatCommands\ChatCommands.cpp" />
    <ClCompile Include="src\Classes\Room.cpp" />
    <ClCompile Include="src\Classes\RoomsManager.cpp" />
    <ClCompile Include="src\Network\MainSession.cpp" />
    <ClCompile Include="src\Network\MainSessionManager.cpp" />
    <ClCompile Include="src\Persistence\MainScheduler.cpp" />
    <ClCompile Include="src\ChatCommands\ComplexCommands\OneArgumentCommands\CreateAnnouncement.cpp" />
    <ClCompile Include="src\ChatCommands\ComplexCommands\OneArgumentCommands\TiltClient.cpp" />
    <ClCompile Include="src\ChatCommands\DatabaseCommands\UnbanPlayer.cpp" />
    <ClCompile Include="src\ChatCommands\DatabaseCommands\AddPlayer.cpp" />
    <ClCompile Include="src\ChatCommands\SimpleCommands\Shutdown.cpp" />
    <ClCompile Include="src\ChatCommands\SimpleRoomCommands\Muteroom.cpp" />
    <ClCompile Include="src\ChatCommands\SimpleRoomCommands\UnmuteRoom.cpp" />
    <ClCompile Include="src\ChatCommands\ComplexCommands\OneArgumentCommands\ChangeHost.cpp" />
  </ItemGroup>
  <ItemGroup>
    <ClInclude Include="include\ChatCommands\AllCommandsIncludes.h" />
    <ClInclude Include="include\ChatCommands\ChatCommands.h" />
    <ClInclude Include="include\ChatCommands\ComplexCommands\OneArgumentCommands\SetLevel.h" />
    <ClInclude Include="include\ChatCommands\ComplexCommands\OneArgumentCommands\SpawnItem.h" />
    <ClInclude Include="include\ChatCommands\ComplexCommands\ThreeArgumentCommands\BanPlayer.h" />
    <ClInclude Include="include\ChatCommands\SimpleCommands\OnlineCommand.h" />
    <ClInclude Include="include\ChatCommands\SimpleCommands\SetCurrency.h" />
    <ClInclude Include="include\CdbUtils.h" />
    <ClInclude Include="include\ChatCommands\SimpleRoomCommands\BreakroomCommand.h" />
    <ClInclude Include="include\Classes\Player.h" />
    <ClInclude Include="include\Classes\RoomsManager.h" />
    <ClInclude Include="include\Handlers\LobbyClanListHandler.h" />
    <ClInclude Include="include\Handlers\Player\BlockedPlayers\BlockPlayerHandler.h" />
    <ClInclude Include="include\Handlers\Player\BlockedPlayers\BlockRemoveHandler.h" />
    <ClInclude Include="include\Handlers\CapsuleSpinHandler.h" />
    <ClInclude Include="include\Handlers\Item\DeleteItemHandler.h" />
    <ClInclude Include="include\Handlers\Player\EquippedItemsHandler.h" />
    <ClInclude Include="include\Handlers\EventsHandlers.h" />
    <ClInclude Include="include\Handlers\Player\Friends\FriendDeletionHandler.h" />
    <ClInclude Include="include\Handlers\Player\Mailbox\GiftDisplayHandler.h" />
    <ClInclude Include="include\Handlers\Player\Mailbox\GiftSendHandler.h" />
    <ClInclude Include="include\Handlers\Item\ItemRefundHandler.h" />
    <ClInclude Include="include\Handlers\Player\PingHandler.h" />
    <ClInclude Include="include\Handlers\Room\RoomChangeHostHandler.h" />
    <ClInclude Include="include\Handlers\Room\RoomJoinHandler.h" />
    <ClInclude Include="include\Handlers\Player\LobbyAccountInfoHandler.h" />
    <ClInclude Include="include\Handlers\Player\Mailbox\MailboxDeleteHandler.h" />
    <ClInclude Include="include\Handlers\Player\Mailbox\MailboxDisplayHandler.h" />
    <ClInclude Include="include\Handlers\Player\Mailbox\MailboxHandler.h" />
    <ClInclude Include="include\Handlers\Player\Mailbox\MailboxReadHandler.h" />
    <ClInclude Include="include\Handlers\MainLobbyChatHandler.h" />
    <ClInclude Include="include\Handlers\Player\AuthorizationHandler.h" />
    <ClInclude Include="include\Handlers\Player\PlayerStateHandler.h" />
    <ClInclude Include="include\Handlers\Room\RoomCreationHandler.h" />
    <ClInclude Include="include\Handlers\Room\RoomLeaveHandler.h" />
    <ClInclude Include="include\Handlers\Room\RoomMiscHandler.h" />
    <ClInclude Include="include\Handlers\Room\RoomsListHandler.h" />
    <ClInclude Include="include\Handlers\Room\RoomStartHandler.h" />
    <ClInclude Include="include\Handlers\Room\SimpleSettingHandler.h" />
    <ClInclude Include="include\Persistence\MainDatabaseManager.h" />
    <ClInclude Include="include\Database\MainScheduler.h" />
    <ClInclude Include="include\Handlers\Item\BoughtItemHandler.h" />
    <ClInclude Include="include\Handlers\Player\Friends\FriendPlayersListHandler.h" />
    <ClInclude Include="include\Handlers\Player\InitialPlayerInfoHandlers.h" />
    <ClInclude Include="include\Handlers\LobbyListHandler.h" />
    <ClInclude Include="include\Handlers\Player\MainAccountInfoHandler.h" />
    <ClInclude Include="include\Handlers\Player\MainInventoryHandler.h" />
    <ClInclude Include="include\MainEnums.h" />
    <ClInclude Include="include\MainServer.h" />
    <ClInclude Include="include\Persistence\MainScheduler.h" />
    <ClInclude Include="include\Network\MainSessionManager.h" />
    <ClInclude Include="include\Structures\AccountInfo\MainLobbyAccountInfo.h" />
    <ClInclude Include="include\Structures\AccountInfo\MainAccountAchievements.h" />
    <ClInclude Include="include\Structures\AccountInfo\MainAccountInfo.h" />
    <ClInclude Include="include\Structures\AccountInfo\MainAccountUniqueId.h" />
    <ClInclude Include="include\Structures\PlayerLists\BlockedPlayer.h" />
    <ClInclude Include="include\Structures\Capsule\CapsuleList.h" />
    <ClInclude Include="include\Structures\Capsule\CapsuleSpin.h" />
    <ClInclude Include="include\Structures\PlayerLists\Friend.h" />
    <ClInclude Include="include\Structures\Item\MainBoughtItem.h" />
    <ClInclude Include="include\Structures\Item\MainEquippedItem.h" />
    <ClInclude Include="include\Structures\Item\MainItem.h" />
    <ClInclude Include="include\Structures\Item\MainItemSerialInfo.h" />
    <ClInclude Include="include\Structures\Item\SpawnedItem.h" />
    <ClInclude Include="include\Structures\Mailbox.h" />
    <ClInclude Include="include\Structures\MainEventsList.h" />
    <ClInclude Include="include\Structures\PlayerLists\SingleLobbyClanList.h" />
    <ClInclude Include="include\Structures\Room\ClientRoomCreationInfo.h" />
    <ClInclude Include="include\Classes\Room.h" />
    <ClInclude Include="include\Structures\Room\RoomJoin.h" />
    <ClInclude Include="include\Structures\Room\RoomPlayerClan.h" />
    <ClInclude Include="include\Structures\Room\RoomPlayerInfo.h" />
    <ClInclude Include="include\Structures\Room\RoomPlayerItems.h" />
    <ClInclude Include="include\Structures\Room\RoomSettingsUpdate.h" />
    <ClInclude Include="include\Structures\Room\RoomsList.h" />
    <ClInclude Include="include\ChatCommands\ComplexCommands\OneArgumentCommands\Kick.h" />
    <ClInclude Include="include\Handlers\Room\MatchLeaveHandler.h" />
    <ClInclude Include="include\Handlers\Room\EliminationNextRoundHandler.h" />
    <ClInclude Include="include\ChatCommands\ComplexCommands\ThreeArgumentCommands\MutePlayer.h" />
    <ClInclude Include="include\ChatCommands\ComplexCommands\OneArgumentCommands\UnmutePlayer.h" />
    <ClInclude Include="include\ChatCommands\ComplexCommands\OneArgumentCommands\CreateAnnouncement.h" />
    <ClInclude Include="include\ChatCommands\ComplexCommands\OneArgumentCommands\TiltClient.h" />
    <ClInclude Include="include\Structures\AccountInfo\MuteInfo.h" />
    <ClInclude Include="include\ChatCommands\ComplexCommands\OneArgumentCommands\MuteInfo.h" />
    <ClInclude Include="include\ChatCommands\DatabaseCommands\UnbanOfflinePlayer.h" />
    <ClInclude Include="include\ChatCommands\DatabaseCommands\UnmuteOfflinePlayer.h" />
    <ClInclude Include="include\Handlers\Room\ScoreUpdateHandler.h" />
    <ClInclude Include="include\ChatCommands\DatabaseCommands\AddPlayer.h" />
    <ClInclude Include="include\ChatCommands\SimpleCommands\Shutdown.h" />
    <ClInclude Include="include\ChatCommands\SimpleRoomCommands\Muteroom.h" />
    <ClInclude Include="include\ChatCommands\SimpleRoomCommands\UnmuteRoom.h" />
    <ClInclude Include="include\ChatCommands\ComplexCommands\OneArgumentCommands\ChangeHost.h" />
    <ClInclude Include="include\Boxes\BoxBase.h" />
    <ClInclude Include="include\Boxes\BrilliantBox.h" />
    <ClInclude Include="include\Boxes\MpBox.h" />
    <ClInclude Include="include\Network\AuthSession.h" />
    <ClInclude Include="include\Handlers\CapsuleReqHandler.h" />
    <ClInclude Include="include\Structures\ClientData\PingData.h" />
    <ClInclude Include="include\Handlers\Item\ItemAndCapsuleHandler.h" />
  </ItemGroup>
</Project>